
Microsoft Visual Studio Solution File, Format Version 12.00
Project("{FAE04EC0-301F-11D3-BF4B-00C04F79EFBC}") = "AzureCloudHueAPI", "AzureCloudHueAPI\AzureCloudHueAPI.csproj", "{3A734D73-BBB5-4D76-A836-B6B7FC08FDED}"
EndProject
Project("{FAE04EC0-301F-11D3-BF4B-00C04F79EFBC}") = "AzureCloudHueAPI.Tests", "AzureCloudHueAPI.Tests\AzureCloudHueAPI.Tests.csproj", "{6B0A796F-977D-4B85-9882-C42024F561FF}"
EndProject
Project("{FAE04EC0-301F-11D3-BF4B-00C04F79EFBC}") = "AzureCloudHue.FanOutFanInFunction", "AzureCloudHue.FanOutFanInFunction\AzureCloudHue.FanOutFanInFunction.csproj", "{A45F7D14-AFC7-43A2-8C7C-3A15064CD325}"
EndProject
Project("{FAE04EC0-301F-11D3-BF4B-00C04F79EFBC}") = "AzureHueAPI.Bindings", "AzureHueAPI.Bindings\AzureHueAPI.Bindings.csproj", "{0A88251F-8691-4933-BBEA-222882AE053D}"
EndProject
Project("{FAE04EC0-301F-11D3-BF4B-00C04F79EFBC}") = "AzureCloudHue.AsyncPollingFunction", "AzureCloudHue.AsyncPollingFunction\AzureCloudHue.AsyncPollingFunction.csproj", "{3F3846A8-94FC-47B9-B2EE-722D09B32437}"
EndProject
Project("{FAE04EC0-301F-11D3-BF4B-00C04F79EFBC}") = "AzureCloudHue.MonitorFunction", "AzureCloudHue.MonitorFunction\AzureCloudHue.MonitorFunction.csproj", "{E6226539-FCAF-4EE2-AD86-90FC394DC58E}"
EndProject
Project("{FAE04EC0-301F-11D3-BF4B-00C04F79EFBC}") = "AzureCloudHue.HumanInteractionFunction", "AzureCloudHue.HumanInteractionFunction\AzureCloudHue.HumanInteractionFunction.csproj", "{FDE91A48-24F6-4DC8-A28B-3BC430CE0026}"
EndProject
Project("{FAE04EC0-301F-11D3-BF4B-00C04F79EFBC}") = "AzureCloudHue.FanOutFanInFunction.Tests", "AzureCloudHue.FanOutFanInFunction.Tests\AzureCloudHue.FanOutFanInFunction.Tests.csproj", "{04FB5898-2550-42F8-94E9-BDE72C250D6E}"
EndProject
Global
	GlobalSection(SolutionConfigurationPlatforms) = preSolution
		Debug|Any CPU = Debug|Any CPU
		Release|Any CPU = Release|Any CPU
	EndGlobalSection
	GlobalSection(ProjectConfigurationPlatforms) = postSolution
		{3A734D73-BBB5-4D76-A836-B6B7FC08FDED}.Debug|Any CPU.ActiveCfg = Debug|Any CPU
		{3A734D73-BBB5-4D76-A836-B6B7FC08FDED}.Debug|Any CPU.Build.0 = Debug|Any CPU
		{3A734D73-BBB5-4D76-A836-B6B7FC08FDED}.Release|Any CPU.ActiveCfg = Release|Any CPU
		{3A734D73-BBB5-4D76-A836-B6B7FC08FDED}.Release|Any CPU.Build.0 = Release|Any CPU
		{6B0A796F-977D-4B85-9882-C42024F561FF}.Debug|Any CPU.ActiveCfg = Debug|Any CPU
		{6B0A796F-977D-4B85-9882-C42024F561FF}.Debug|Any CPU.Build.0 = Debug|Any CPU
		{6B0A796F-977D-4B85-9882-C42024F561FF}.Release|Any CPU.ActiveCfg = Release|Any CPU
		{6B0A796F-977D-4B85-9882-C42024F561FF}.Release|Any CPU.Build.0 = Release|Any CPU
		{A45F7D14-AFC7-43A2-8C7C-3A15064CD325}.Debug|Any CPU.ActiveCfg = Debug|Any CPU
		{A45F7D14-AFC7-43A2-8C7C-3A15064CD325}.Debug|Any CPU.Build.0 = Debug|Any CPU
		{A45F7D14-AFC7-43A2-8C7C-3A15064CD325}.Release|Any CPU.ActiveCfg = Release|Any CPU
		{A45F7D14-AFC7-43A2-8C7C-3A15064CD325}.Release|Any CPU.Build.0 = Release|Any CPU
		{0A88251F-8691-4933-BBEA-222882AE053D}.Debug|Any CPU.ActiveCfg = Debug|Any CPU
		{0A88251F-8691-4933-BBEA-222882AE053D}.Debug|Any CPU.Build.0 = Debug|Any CPU
		{0A88251F-8691-4933-BBEA-222882AE053D}.Release|Any CPU.ActiveCfg = Release|Any CPU
		{0A88251F-8691-4933-BBEA-222882AE053D}.Release|Any CPU.Build.0 = Release|Any CPU
		{3F3846A8-94FC-47B9-B2EE-722D09B32437}.Debug|Any CPU.ActiveCfg = Debug|Any CPU
		{3F3846A8-94FC-47B9-B2EE-722D09B32437}.Debug|Any CPU.Build.0 = Debug|Any CPU
		{3F3846A8-94FC-47B9-B2EE-722D09B32437}.Release|Any CPU.ActiveCfg = Release|Any CPU
		{3F3846A8-94FC-47B9-B2EE-722D09B32437}.Release|Any CPU.Build.0 = Release|Any CPU
		{E6226539-FCAF-4EE2-AD86-90FC394DC58E}.Debug|Any CPU.ActiveCfg = Debug|Any CPU
		{E6226539-FCAF-4EE2-AD86-90FC394DC58E}.Debug|Any CPU.Build.0 = Debug|Any CPU
		{E6226539-FCAF-4EE2-AD86-90FC394DC58E}.Release|Any CPU.ActiveCfg = Release|Any CPU
		{E6226539-FCAF-4EE2-AD86-90FC394DC58E}.Release|Any CPU.Build.0 = Release|Any CPU
		{FDE91A48-24F6-4DC8-A28B-3BC430CE0026}.Debug|Any CPU.ActiveCfg = Debug|Any CPU
		{FDE91A48-24F6-4DC8-A28B-3BC430CE0026}.Debug|Any CPU.Build.0 = Debug|Any CPU
		{FDE91A48-24F6-4DC8-A28B-3BC430CE0026}.Release|Any CPU.ActiveCfg = Release|Any CPU
		{FDE91A48-24F6-4DC8-A28B-3BC430CE0026}.Release|Any CPU.Build.0 = Release|Any CPU
		{04FB5898-2550-42F8-94E9-BDE72C250D6E}.Debug|Any CPU.ActiveCfg = Debug|Any CPU
		{04FB5898-2550-42F8-94E9-BDE72C250D6E}.Debug|Any CPU.Build.0 = Debug|Any CPU
		{04FB5898-2550-42F8-94E9-BDE72C250D6E}.Release|Any CPU.ActiveCfg = Release|Any CPU
		{04FB5898-2550-42F8-94E9-BDE72C250D6E}.Release|Any CPU.Build.0 = Release|Any CPU
	EndGlobalSection
EndGlobal
